// !$*UTF8*$!
{
	archiveVersion = 1;
	classes = {
	};
	objectVersion = 56;
	objects = {

/* Begin PBXBuildFile section */
		C62768342B13EF9D0082665F /* GroupsListView.swift in Sources */ = {isa = PBXBuildFile; fileRef = C62768332B13EF9D0082665F /* GroupsListView.swift */; };
		C62768362B13F1420082665F /* GroupCreationView.swift in Sources */ = {isa = PBXBuildFile; fileRef = C62768352B13F1420082665F /* GroupCreationView.swift */; };
		C62C210F2B112A91006D3364 /* SettingsView.swift in Sources */ = {isa = PBXBuildFile; fileRef = C62C210E2B112A91006D3364 /* SettingsView.swift */; };
		C62C21112B112C63006D3364 /* UserDefaultsService.swift in Sources */ = {isa = PBXBuildFile; fileRef = C62C21102B112C63006D3364 /* UserDefaultsService.swift */; };
		C62C21162B13D19F006D3364 /* DevicesListView.swift in Sources */ = {isa = PBXBuildFile; fileRef = C62C21152B13D19F006D3364 /* DevicesListView.swift */; };
		C62C21182B13D283006D3364 /* SmartSystemDevice.swift in Sources */ = {isa = PBXBuildFile; fileRef = C62C21172B13D282006D3364 /* SmartSystemDevice.swift */; };
		C62C211A2B13D4E4006D3364 /* SmartSystemGroup.swift in Sources */ = {isa = PBXBuildFile; fileRef = C62C21192B13D4E4006D3364 /* SmartSystemGroup.swift */; };
		C62C211C2B13E57B006D3364 /* DeviceCreationView.swift in Sources */ = {isa = PBXBuildFile; fileRef = C62C211B2B13E57B006D3364 /* DeviceCreationView.swift */; };
		C63D0A232B153BDF00F72F05 /* Localizable.xcstrings in Resources */ = {isa = PBXBuildFile; fileRef = C63D0A222B153BDF00F72F05 /* Localizable.xcstrings */; };
		C63D0A272B154BDD00F72F05 /* DeviceData.swift in Sources */ = {isa = PBXBuildFile; fileRef = C63D0A262B154BDD00F72F05 /* DeviceData.swift */; };
		C63D0A2A2B15519400F72F05 /* DeviceDetailsView.swift in Sources */ = {isa = PBXBuildFile; fileRef = C63D0A292B15519400F72F05 /* DeviceDetailsView.swift */; };
		C63D0A2C2B1553A900F72F05 /* Date+Ext.swift in Sources */ = {isa = PBXBuildFile; fileRef = C63D0A2B2B1553A900F72F05 /* Date+Ext.swift */; };
		C63D0A2F2B1556D900F72F05 /* DeviceStatisticsView.swift in Sources */ = {isa = PBXBuildFile; fileRef = C63D0A2E2B1556D900F72F05 /* DeviceStatisticsView.swift */; };
		C641AAEA2B0432C100A6F391 /* MainView.swift in Sources */ = {isa = PBXBuildFile; fileRef = C641AAE92B0432C100A6F391 /* MainView.swift */; };
		C655152A2AE084C100604D20 /* ImagePicker.swift in Sources */ = {isa = PBXBuildFile; fileRef = C65515292AE084C100604D20 /* ImagePicker.swift */; };
		C6B3DBB02AE049E30095A46C /* ServerlessSmarthomeApp.swift in Sources */ = {isa = PBXBuildFile; fileRef = C6B3DBAF2AE049E30095A46C /* ServerlessSmarthomeApp.swift */; };
		C6B3DBB22AE049E30095A46C /* ContentView.swift in Sources */ = {isa = PBXBuildFile; fileRef = C6B3DBB12AE049E30095A46C /* ContentView.swift */; };
		C6B3DBB42AE049E30095A46C /* Item.swift in Sources */ = {isa = PBXBuildFile; fileRef = C6B3DBB32AE049E30095A46C /* Item.swift */; };
		C6B3DBB62AE049E50095A46C /* Assets.xcassets in Resources */ = {isa = PBXBuildFile; fileRef = C6B3DBB52AE049E50095A46C /* Assets.xcassets */; };
		C6B3DBB92AE049E50095A46C /* Preview Assets.xcassets in Resources */ = {isa = PBXBuildFile; fileRef = C6B3DBB82AE049E50095A46C /* Preview Assets.xcassets */; };
		C6B3DBC32AE049E50095A46C /* ServerlessSmarthomeTests.swift in Sources */ = {isa = PBXBuildFile; fileRef = C6B3DBC22AE049E50095A46C /* ServerlessSmarthomeTests.swift */; };
		C6B3DBCD2AE049E50095A46C /* ServerlessSmarthomeUITests.swift in Sources */ = {isa = PBXBuildFile; fileRef = C6B3DBCC2AE049E50095A46C /* ServerlessSmarthomeUITests.swift */; };
		C6B3DBCF2AE049E50095A46C /* ServerlessSmarthomeUITestsLaunchTests.swift in Sources */ = {isa = PBXBuildFile; fileRef = C6B3DBCE2AE049E50095A46C /* ServerlessSmarthomeUITestsLaunchTests.swift */; };
		C6B3DBDD2AE050530095A46C /* SmartSystem.swift in Sources */ = {isa = PBXBuildFile; fileRef = C6B3DBDC2AE050530095A46C /* SmartSystem.swift */; };
		C6B3DBE02AE051070095A46C /* SystemSelectView.swift in Sources */ = {isa = PBXBuildFile; fileRef = C6B3DBDF2AE051070095A46C /* SystemSelectView.swift */; };
		C6B3DBE32AE053740095A46C /* SystemCreationView.swift in Sources */ = {isa = PBXBuildFile; fileRef = C6B3DBE22AE053740095A46C /* SystemCreationView.swift */; };
		C6B3DBE52AE053800095A46C /* SystemCardView.swift in Sources */ = {isa = PBXBuildFile; fileRef = C6B3DBE42AE053800095A46C /* SystemCardView.swift */; };
/* End PBXBuildFile section */

/* Begin PBXContainerItemProxy section */
		C6B3DBBF2AE049E50095A46C /* PBXContainerItemProxy */ = {
			isa = PBXContainerItemProxy;
			containerPortal = C6B3DBA42AE049E30095A46C /* Project object */;
			proxyType = 1;
			remoteGlobalIDString = C6B3DBAB2AE049E30095A46C;
			remoteInfo = ServerlessSmarthome;
		};
		C6B3DBC92AE049E50095A46C /* PBXContainerItemProxy */ = {
			isa = PBXContainerItemProxy;
			containerPortal = C6B3DBA42AE049E30095A46C /* Project object */;
			proxyType = 1;
			remoteGlobalIDString = C6B3DBAB2AE049E30095A46C;
			remoteInfo = ServerlessSmarthome;
		};
/* End PBXContainerItemProxy section */

/* Begin PBXFileReference section */
		C62768332B13EF9D0082665F /* GroupsListView.swift */ = {isa = PBXFileReference; lastKnownFileType = sourcecode.swift; path = GroupsListView.swift; sourceTree = "<group>"; };
		C62768352B13F1420082665F /* GroupCreationView.swift */ = {isa = PBXFileReference; lastKnownFileType = sourcecode.swift; path = GroupCreationView.swift; sourceTree = "<group>"; };
		C62C210E2B112A91006D3364 /* SettingsView.swift */ = {isa = PBXFileReference; lastKnownFileType = sourcecode.swift; path = SettingsView.swift; sourceTree = "<group>"; };
		C62C21102B112C63006D3364 /* UserDefaultsService.swift */ = {isa = PBXFileReference; lastKnownFileType = sourcecode.swift; path = UserDefaultsService.swift; sourceTree = "<group>"; };
		C62C21152B13D19F006D3364 /* DevicesListView.swift */ = {isa = PBXFileReference; lastKnownFileType = sourcecode.swift; path = DevicesListView.swift; sourceTree = "<group>"; };
		C62C21172B13D282006D3364 /* SmartSystemDevice.swift */ = {isa = PBXFileReference; lastKnownFileType = sourcecode.swift; path = SmartSystemDevice.swift; sourceTree = "<group>"; };
		C62C21192B13D4E4006D3364 /* SmartSystemGroup.swift */ = {isa = PBXFileReference; lastKnownFileType = sourcecode.swift; path = SmartSystemGroup.swift; sourceTree = "<group>"; };
		C62C211B2B13E57B006D3364 /* DeviceCreationView.swift */ = {isa = PBXFileReference; lastKnownFileType = sourcecode.swift; path = DeviceCreationView.swift; sourceTree = "<group>"; };
		C63D0A222B153BDF00F72F05 /* Localizable.xcstrings */ = {isa = PBXFileReference; lastKnownFileType = text.json.xcstrings; path = Localizable.xcstrings; sourceTree = "<group>"; };
		C63D0A262B154BDD00F72F05 /* DeviceData.swift */ = {isa = PBXFileReference; lastKnownFileType = sourcecode.swift; path = DeviceData.swift; sourceTree = "<group>"; };
		C63D0A292B15519400F72F05 /* DeviceDetailsView.swift */ = {isa = PBXFileReference; lastKnownFileType = sourcecode.swift; path = DeviceDetailsView.swift; sourceTree = "<group>"; };
		C63D0A2B2B1553A900F72F05 /* Date+Ext.swift */ = {isa = PBXFileReference; lastKnownFileType = sourcecode.swift; path = "Date+Ext.swift"; sourceTree = "<group>"; };
		C63D0A2E2B1556D900F72F05 /* DeviceStatisticsView.swift */ = {isa = PBXFileReference; lastKnownFileType = sourcecode.swift; path = DeviceStatisticsView.swift; sourceTree = "<group>"; };
		C641AAE92B0432C100A6F391 /* MainView.swift */ = {isa = PBXFileReference; lastKnownFileType = sourcecode.swift; path = MainView.swift; sourceTree = "<group>"; };
		C65515292AE084C100604D20 /* ImagePicker.swift */ = {isa = PBXFileReference; lastKnownFileType = sourcecode.swift; path = ImagePicker.swift; sourceTree = "<group>"; };
		C6B3DBAC2AE049E30095A46C /* ServerlessSmarthome.app */ = {isa = PBXFileReference; explicitFileType = wrapper.application; includeInIndex = 0; path = ServerlessSmarthome.app; sourceTree = BUILT_PRODUCTS_DIR; };
		C6B3DBAF2AE049E30095A46C /* ServerlessSmarthomeApp.swift */ = {isa = PBXFileReference; lastKnownFileType = sourcecode.swift; path = ServerlessSmarthomeApp.swift; sourceTree = "<group>"; };
		C6B3DBB12AE049E30095A46C /* ContentView.swift */ = {isa = PBXFileReference; lastKnownFileType = sourcecode.swift; path = ContentView.swift; sourceTree = "<group>"; };
		C6B3DBB32AE049E30095A46C /* Item.swift */ = {isa = PBXFileReference; lastKnownFileType = sourcecode.swift; path = Item.swift; sourceTree = "<group>"; };
		C6B3DBB52AE049E50095A46C /* Assets.xcassets */ = {isa = PBXFileReference; lastKnownFileType = folder.assetcatalog; path = Assets.xcassets; sourceTree = "<group>"; };
		C6B3DBB82AE049E50095A46C /* Preview Assets.xcassets */ = {isa = PBXFileReference; lastKnownFileType = folder.assetcatalog; path = "Preview Assets.xcassets"; sourceTree = "<group>"; };
		C6B3DBBE2AE049E50095A46C /* ServerlessSmarthomeTests.xctest */ = {isa = PBXFileReference; explicitFileType = wrapper.cfbundle; includeInIndex = 0; path = ServerlessSmarthomeTests.xctest; sourceTree = BUILT_PRODUCTS_DIR; };
		C6B3DBC22AE049E50095A46C /* ServerlessSmarthomeTests.swift */ = {isa = PBXFileReference; lastKnownFileType = sourcecode.swift; path = ServerlessSmarthomeTests.swift; sourceTree = "<group>"; };
		C6B3DBC82AE049E50095A46C /* ServerlessSmarthomeUITests.xctest */ = {isa = PBXFileReference; explicitFileType = wrapper.cfbundle; includeInIndex = 0; path = ServerlessSmarthomeUITests.xctest; sourceTree = BUILT_PRODUCTS_DIR; };
		C6B3DBCC2AE049E50095A46C /* ServerlessSmarthomeUITests.swift */ = {isa = PBXFileReference; lastKnownFileType = sourcecode.swift; path = ServerlessSmarthomeUITests.swift; sourceTree = "<group>"; };
		C6B3DBCE2AE049E50095A46C /* ServerlessSmarthomeUITestsLaunchTests.swift */ = {isa = PBXFileReference; lastKnownFileType = sourcecode.swift; path = ServerlessSmarthomeUITestsLaunchTests.swift; sourceTree = "<group>"; };
		C6B3DBDC2AE050530095A46C /* SmartSystem.swift */ = {isa = PBXFileReference; lastKnownFileType = sourcecode.swift; path = SmartSystem.swift; sourceTree = "<group>"; };
		C6B3DBDF2AE051070095A46C /* SystemSelectView.swift */ = {isa = PBXFileReference; lastKnownFileType = sourcecode.swift; path = SystemSelectView.swift; sourceTree = "<group>"; };
		C6B3DBE22AE053740095A46C /* SystemCreationView.swift */ = {isa = PBXFileReference; lastKnownFileType = sourcecode.swift; path = SystemCreationView.swift; sourceTree = "<group>"; };
		C6B3DBE42AE053800095A46C /* SystemCardView.swift */ = {isa = PBXFileReference; lastKnownFileType = sourcecode.swift; path = SystemCardView.swift; sourceTree = "<group>"; };
/* End PBXFileReference section */

/* Begin PBXFrameworksBuildPhase section */
		C6B3DBA92AE049E30095A46C /* Frameworks */ = {
			isa = PBXFrameworksBuildPhase;
			buildActionMask = 2147483647;
			files = (
			);
			runOnlyForDeploymentPostprocessing = 0;
		};
		C6B3DBBB2AE049E50095A46C /* Frameworks */ = {
			isa = PBXFrameworksBuildPhase;
			buildActionMask = 2147483647;
			files = (
			);
			runOnlyForDeploymentPostprocessing = 0;
		};
		C6B3DBC52AE049E50095A46C /* Frameworks */ = {
			isa = PBXFrameworksBuildPhase;
			buildActionMask = 2147483647;
			files = (
			);
			runOnlyForDeploymentPostprocessing = 0;
		};
/* End PBXFrameworksBuildPhase section */

/* Begin PBXGroup section */
		C62768322B13EF730082665F /* Groups */ = {
			isa = PBXGroup;
			children = (
				C62768332B13EF9D0082665F /* GroupsListView.swift */,
				C62768352B13F1420082665F /* GroupCreationView.swift */,
			);
			path = Groups;
			sourceTree = "<group>";
		};
		C62C210D2B112A7C006D3364 /* Settings */ = {
			isa = PBXGroup;
			children = (
				C62C210E2B112A91006D3364 /* SettingsView.swift */,
			);
			path = Settings;
			sourceTree = "<group>";
		};
		C62C21122B13D182006D3364 /* Devices */ = {
			isa = PBXGroup;
			children = (
				C63D0A2D2B1556C500F72F05 /* DeviceStatistics */,
				C63D0A282B15518200F72F05 /* DeviceDetails */,
				C62C21152B13D19F006D3364 /* DevicesListView.swift */,
				C62C211B2B13E57B006D3364 /* DeviceCreationView.swift */,
			);
			path = Devices;
			sourceTree = "<group>";
		};
		C63D0A212B153BBD00F72F05 /* Resources */ = {
			isa = PBXGroup;
			children = (
				C6B3DBB72AE049E50095A46C /* Preview Content */,
				C6B3DBB52AE049E50095A46C /* Assets.xcassets */,
				C63D0A222B153BDF00F72F05 /* Localizable.xcstrings */,
			);
			path = Resources;
			sourceTree = "<group>";
		};
		C63D0A282B15518200F72F05 /* DeviceDetails */ = {
			isa = PBXGroup;
			children = (
				C63D0A292B15519400F72F05 /* DeviceDetailsView.swift */,
			);
			path = DeviceDetails;
			sourceTree = "<group>";
		};
		C63D0A2D2B1556C500F72F05 /* DeviceStatistics */ = {
			isa = PBXGroup;
			children = (
				C63D0A2E2B1556D900F72F05 /* DeviceStatisticsView.swift */,
			);
			path = DeviceStatistics;
			sourceTree = "<group>";
		};
		C641AAE82B04325D00A6F391 /* Main */ = {
			isa = PBXGroup;
			children = (
				C641AAE92B0432C100A6F391 /* MainView.swift */,
			);
			path = Main;
			sourceTree = "<group>";
		};
		C65515282AE084B000604D20 /* Helpers */ = {
			isa = PBXGroup;
			children = (
				C65515292AE084C100604D20 /* ImagePicker.swift */,
			);
			path = Helpers;
			sourceTree = "<group>";
		};
		C6B3DBA32AE049E30095A46C = {
			isa = PBXGroup;
			children = (
				C6B3DBAE2AE049E30095A46C /* ServerlessSmarthome */,
				C6B3DBC12AE049E50095A46C /* ServerlessSmarthomeTests */,
				C6B3DBCB2AE049E50095A46C /* ServerlessSmarthomeUITests */,
				C6B3DBAD2AE049E30095A46C /* Products */,
			);
			sourceTree = "<group>";
		};
		C6B3DBAD2AE049E30095A46C /* Products */ = {
			isa = PBXGroup;
			children = (
				C6B3DBAC2AE049E30095A46C /* ServerlessSmarthome.app */,
				C6B3DBBE2AE049E50095A46C /* ServerlessSmarthomeTests.xctest */,
				C6B3DBC82AE049E50095A46C /* ServerlessSmarthomeUITests.xctest */,
			);
			name = Products;
			sourceTree = "<group>";
		};
		C6B3DBAE2AE049E30095A46C /* ServerlessSmarthome */ = {
			isa = PBXGroup;
			children = (
				C63D0A212B153BBD00F72F05 /* Resources */,
				C6B3DBDE2AE050EB0095A46C /* Stories */,
				C6B3DBDB2AE04EFE0095A46C /* Models */,
				C6B3DBAF2AE049E30095A46C /* ServerlessSmarthomeApp.swift */,
				C6B3DBB12AE049E30095A46C /* ContentView.swift */,
				C6B3DBB32AE049E30095A46C /* Item.swift */,
				C62C21102B112C63006D3364 /* UserDefaultsService.swift */,
				C63D0A2B2B1553A900F72F05 /* Date+Ext.swift */,
			);
			path = ServerlessSmarthome;
			sourceTree = "<group>";
		};
		C6B3DBB72AE049E50095A46C /* Preview Content */ = {
			isa = PBXGroup;
			children = (
				C6B3DBB82AE049E50095A46C /* Preview Assets.xcassets */,
			);
			path = "Preview Content";
			sourceTree = "<group>";
		};
		C6B3DBC12AE049E50095A46C /* ServerlessSmarthomeTests */ = {
			isa = PBXGroup;
			children = (
				C6B3DBC22AE049E50095A46C /* ServerlessSmarthomeTests.swift */,
			);
			path = ServerlessSmarthomeTests;
			sourceTree = "<group>";
		};
		C6B3DBCB2AE049E50095A46C /* ServerlessSmarthomeUITests */ = {
			isa = PBXGroup;
			children = (
				C6B3DBCC2AE049E50095A46C /* ServerlessSmarthomeUITests.swift */,
				C6B3DBCE2AE049E50095A46C /* ServerlessSmarthomeUITestsLaunchTests.swift */,
			);
			path = ServerlessSmarthomeUITests;
			sourceTree = "<group>";
		};
		C6B3DBDB2AE04EFE0095A46C /* Models */ = {
			isa = PBXGroup;
			children = (
				C6B3DBDC2AE050530095A46C /* SmartSystem.swift */,
				C62C21172B13D282006D3364 /* SmartSystemDevice.swift */,
				C62C21192B13D4E4006D3364 /* SmartSystemGroup.swift */,
				C63D0A262B154BDD00F72F05 /* DeviceData.swift */,
			);
			path = Models;
			sourceTree = "<group>";
		};
		C6B3DBDE2AE050EB0095A46C /* Stories */ = {
			isa = PBXGroup;
			children = (
				C62768322B13EF730082665F /* Groups */,
				C62C21122B13D182006D3364 /* Devices */,
				C62C210D2B112A7C006D3364 /* Settings */,
				C641AAE82B04325D00A6F391 /* Main */,
				C65515282AE084B000604D20 /* Helpers */,
				C6B3DBE12AE0535B0095A46C /* Systems */,
			);
			path = Stories;
			sourceTree = "<group>";
		};
		C6B3DBE12AE0535B0095A46C /* Systems */ = {
			isa = PBXGroup;
			children = (
				C6B3DBDF2AE051070095A46C /* SystemSelectView.swift */,
				C6B3DBE22AE053740095A46C /* SystemCreationView.swift */,
				C6B3DBE42AE053800095A46C /* SystemCardView.swift */,
			);
			path = Systems;
			sourceTree = "<group>";
		};
/* End PBXGroup section */

/* Begin PBXNativeTarget section */
		C6B3DBAB2AE049E30095A46C /* ServerlessSmarthome */ = {
			isa = PBXNativeTarget;
			buildConfigurationList = C6B3DBD22AE049E50095A46C /* Build configuration list for PBXNativeTarget "ServerlessSmarthome" */;
			buildPhases = (
				C6B3DBA82AE049E30095A46C /* Sources */,
				C6B3DBA92AE049E30095A46C /* Frameworks */,
				C6B3DBAA2AE049E30095A46C /* Resources */,
			);
			buildRules = (
			);
			dependencies = (
			);
			name = ServerlessSmarthome;
			productName = ServerlessSmarthome;
			productReference = C6B3DBAC2AE049E30095A46C /* ServerlessSmarthome.app */;
			productType = "com.apple.product-type.application";
		};
		C6B3DBBD2AE049E50095A46C /* ServerlessSmarthomeTests */ = {
			isa = PBXNativeTarget;
			buildConfigurationList = C6B3DBD52AE049E50095A46C /* Build configuration list for PBXNativeTarget "ServerlessSmarthomeTests" */;
			buildPhases = (
				C6B3DBBA2AE049E50095A46C /* Sources */,
				C6B3DBBB2AE049E50095A46C /* Frameworks */,
				C6B3DBBC2AE049E50095A46C /* Resources */,
			);
			buildRules = (
			);
			dependencies = (
				C6B3DBC02AE049E50095A46C /* PBXTargetDependency */,
			);
			name = ServerlessSmarthomeTests;
			productName = ServerlessSmarthomeTests;
			productReference = C6B3DBBE2AE049E50095A46C /* ServerlessSmarthomeTests.xctest */;
			productType = "com.apple.product-type.bundle.unit-test";
		};
		C6B3DBC72AE049E50095A46C /* ServerlessSmarthomeUITests */ = {
			isa = PBXNativeTarget;
			buildConfigurationList = C6B3DBD82AE049E50095A46C /* Build configuration list for PBXNativeTarget "ServerlessSmarthomeUITests" */;
			buildPhases = (
				C6B3DBC42AE049E50095A46C /* Sources */,
				C6B3DBC52AE049E50095A46C /* Frameworks */,
				C6B3DBC62AE049E50095A46C /* Resources */,
			);
			buildRules = (
			);
			dependencies = (
				C6B3DBCA2AE049E50095A46C /* PBXTargetDependency */,
			);
			name = ServerlessSmarthomeUITests;
			productName = ServerlessSmarthomeUITests;
			productReference = C6B3DBC82AE049E50095A46C /* ServerlessSmarthomeUITests.xctest */;
			productType = "com.apple.product-type.bundle.ui-testing";
		};
/* End PBXNativeTarget section */

/* Begin PBXProject section */
		C6B3DBA42AE049E30095A46C /* Project object */ = {
			isa = PBXProject;
			attributes = {
				BuildIndependentTargetsInParallel = 1;
				LastSwiftUpdateCheck = 1500;
				LastUpgradeCheck = 1500;
				TargetAttributes = {
					C6B3DBAB2AE049E30095A46C = {
						CreatedOnToolsVersion = 15.0;
					};
					C6B3DBBD2AE049E50095A46C = {
						CreatedOnToolsVersion = 15.0;
						TestTargetID = C6B3DBAB2AE049E30095A46C;
					};
					C6B3DBC72AE049E50095A46C = {
						CreatedOnToolsVersion = 15.0;
						TestTargetID = C6B3DBAB2AE049E30095A46C;
					};
				};
			};
			buildConfigurationList = C6B3DBA72AE049E30095A46C /* Build configuration list for PBXProject "ServerlessSmarthome" */;
			compatibilityVersion = "Xcode 14.0";
			developmentRegion = uk;
			hasScannedForEncodings = 0;
			knownRegions = (
				en,
				Base,
				uk,
			);
			mainGroup = C6B3DBA32AE049E30095A46C;
			productRefGroup = C6B3DBAD2AE049E30095A46C /* Products */;
			projectDirPath = "";
			projectRoot = "";
			targets = (
				C6B3DBAB2AE049E30095A46C /* ServerlessSmarthome */,
				C6B3DBBD2AE049E50095A46C /* ServerlessSmarthomeTests */,
				C6B3DBC72AE049E50095A46C /* ServerlessSmarthomeUITests */,
			);
		};
/* End PBXProject section */

/* Begin PBXResourcesBuildPhase section */
		C6B3DBAA2AE049E30095A46C /* Resources */ = {
			isa = PBXResourcesBuildPhase;
			buildActionMask = 2147483647;
			files = (
				C6B3DBB92AE049E50095A46C /* Preview Assets.xcassets in Resources */,
				C6B3DBB62AE049E50095A46C /* Assets.xcassets in Resources */,
				C63D0A232B153BDF00F72F05 /* Localizable.xcstrings in Resources */,
			);
			runOnlyForDeploymentPostprocessing = 0;
		};
		C6B3DBBC2AE049E50095A46C /* Resources */ = {
			isa = PBXResourcesBuildPhase;
			buildActionMask = 2147483647;
			files = (
			);
			runOnlyForDeploymentPostprocessing = 0;
		};
		C6B3DBC62AE049E50095A46C /* Resources */ = {
			isa = PBXResourcesBuildPhase;
			buildActionMask = 2147483647;
			files = (
			);
			runOnlyForDeploymentPostprocessing = 0;
		};
/* End PBXResourcesBuildPhase section */

/* Begin PBXSourcesBuildPhase section */
		C6B3DBA82AE049E30095A46C /* Sources */ = {
			isa = PBXSourcesBuildPhase;
			buildActionMask = 2147483647;
			files = (
				C6B3DBDD2AE050530095A46C /* SmartSystem.swift in Sources */,
				C62C21112B112C63006D3364 /* UserDefaultsService.swift in Sources */,
				C62C211C2B13E57B006D3364 /* DeviceCreationView.swift in Sources */,
				C641AAEA2B0432C100A6F391 /* MainView.swift in Sources */,
				C6B3DBE52AE053800095A46C /* SystemCardView.swift in Sources */,
				C62C211A2B13D4E4006D3364 /* SmartSystemGroup.swift in Sources */,
				C63D0A2F2B1556D900F72F05 /* DeviceStatisticsView.swift in Sources */,
				C62768342B13EF9D0082665F /* GroupsListView.swift in Sources */,
				C6B3DBB22AE049E30095A46C /* ContentView.swift in Sources */,
				C6B3DBE32AE053740095A46C /* SystemCreationView.swift in Sources */,
				C62C210F2B112A91006D3364 /* SettingsView.swift in Sources */,
				C6B3DBB42AE049E30095A46C /* Item.swift in Sources */,
				C62C21182B13D283006D3364 /* SmartSystemDevice.swift in Sources */,
				C655152A2AE084C100604D20 /* ImagePicker.swift in Sources */,
				C6B3DBB02AE049E30095A46C /* ServerlessSmarthomeApp.swift in Sources */,
				C62C21162B13D19F006D3364 /* DevicesListView.swift in Sources */,
				C6B3DBE02AE051070095A46C /* SystemSelectView.swift in Sources */,
				C62768362B13F1420082665F /* GroupCreationView.swift in Sources */,
				C63D0A272B154BDD00F72F05 /* DeviceData.swift in Sources */,
				C63D0A2A2B15519400F72F05 /* DeviceDetailsView.swift in Sources */,
				C63D0A2C2B1553A900F72F05 /* Date+Ext.swift in Sources */,
			);
			runOnlyForDeploymentPostprocessing = 0;
		};
		C6B3DBBA2AE049E50095A46C /* Sources */ = {
			isa = PBXSourcesBuildPhase;
			buildActionMask = 2147483647;
			files = (
				C6B3DBC32AE049E50095A46C /* ServerlessSmarthomeTests.swift in Sources */,
			);
			runOnlyForDeploymentPostprocessing = 0;
		};
		C6B3DBC42AE049E50095A46C /* Sources */ = {
			isa = PBXSourcesBuildPhase;
			buildActionMask = 2147483647;
			files = (
				C6B3DBCD2AE049E50095A46C /* ServerlessSmarthomeUITests.swift in Sources */,
				C6B3DBCF2AE049E50095A46C /* ServerlessSmarthomeUITestsLaunchTests.swift in Sources */,
			);
			runOnlyForDeploymentPostprocessing = 0;
		};
/* End PBXSourcesBuildPhase section */

/* Begin PBXTargetDependency section */
		C6B3DBC02AE049E50095A46C /* PBXTargetDependency */ = {
			isa = PBXTargetDependency;
			target = C6B3DBAB2AE049E30095A46C /* ServerlessSmarthome */;
			targetProxy = C6B3DBBF2AE049E50095A46C /* PBXContainerItemProxy */;
		};
		C6B3DBCA2AE049E50095A46C /* PBXTargetDependency */ = {
			isa = PBXTargetDependency;
			target = C6B3DBAB2AE049E30095A46C /* ServerlessSmarthome */;
			targetProxy = C6B3DBC92AE049E50095A46C /* PBXContainerItemProxy */;
		};
/* End PBXTargetDependency section */

/* Begin XCBuildConfiguration section */
		C6B3DBD02AE049E50095A46C /* Debug */ = {
			isa = XCBuildConfiguration;
			buildSettings = {
				ALWAYS_SEARCH_USER_PATHS = NO;
				ASSETCATALOG_COMPILER_GENERATE_SWIFT_ASSET_SYMBOL_EXTENSIONS = YES;
				CLANG_ANALYZER_NONNULL = YES;
				CLANG_ANALYZER_NUMBER_OBJECT_CONVERSION = YES_AGGRESSIVE;
				CLANG_CXX_LANGUAGE_STANDARD = "gnu++20";
				CLANG_ENABLE_MODULES = YES;
				CLANG_ENABLE_OBJC_ARC = YES;
				CLANG_ENABLE_OBJC_WEAK = YES;
				CLANG_WARN_BLOCK_CAPTURE_AUTORELEASING = YES;
				CLANG_WARN_BOOL_CONVERSION = YES;
				CLANG_WARN_COMMA = YES;
				CLANG_WARN_CONSTANT_CONVERSION = YES;
				CLANG_WARN_DEPRECATED_OBJC_IMPLEMENTATIONS = YES;
				CLANG_WARN_DIRECT_OBJC_ISA_USAGE = YES_ERROR;
				CLANG_WARN_DOCUMENTATION_COMMENTS = YES;
				CLANG_WARN_EMPTY_BODY = YES;
				CLANG_WARN_ENUM_CONVERSION = YES;
				CLANG_WARN_INFINITE_RECURSION = YES;
				CLANG_WARN_INT_CONVERSION = YES;
				CLANG_WARN_NON_LITERAL_NULL_CONVERSION = YES;
				CLANG_WARN_OBJC_IMPLICIT_RETAIN_SELF = YES;
				CLANG_WARN_OBJC_LITERAL_CONVERSION = YES;
				CLANG_WARN_OBJC_ROOT_CLASS = YES_ERROR;
				CLANG_WARN_QUOTED_INCLUDE_IN_FRAMEWORK_HEADER = YES;
				CLANG_WARN_RANGE_LOOP_ANALYSIS = YES;
				CLANG_WARN_STRICT_PROTOTYPES = YES;
				CLANG_WARN_SUSPICIOUS_MOVE = YES;
				CLANG_WARN_UNGUARDED_AVAILABILITY = YES_AGGRESSIVE;
				CLANG_WARN_UNREACHABLE_CODE = YES;
				CLANG_WARN__DUPLICATE_METHOD_MATCH = YES;
				COPY_PHASE_STRIP = NO;
				DEBUG_INFORMATION_FORMAT = dwarf;
				ENABLE_STRICT_OBJC_MSGSEND = YES;
				ENABLE_TESTABILITY = YES;
				ENABLE_USER_SCRIPT_SANDBOXING = YES;
				GCC_C_LANGUAGE_STANDARD = gnu17;
				GCC_DYNAMIC_NO_PIC = NO;
				GCC_NO_COMMON_BLOCKS = YES;
				GCC_OPTIMIZATION_LEVEL = 0;
				GCC_PREPROCESSOR_DEFINITIONS = (
					"DEBUG=1",
					"$(inherited)",
				);
				GCC_WARN_64_TO_32_BIT_CONVERSION = YES;
				GCC_WARN_ABOUT_RETURN_TYPE = YES_ERROR;
				GCC_WARN_UNDECLARED_SELECTOR = YES;
				GCC_WARN_UNINITIALIZED_AUTOS = YES_AGGRESSIVE;
				GCC_WARN_UNUSED_FUNCTION = YES;
				GCC_WARN_UNUSED_VARIABLE = YES;
				IPHONEOS_DEPLOYMENT_TARGET = 17.0;
				LOCALIZATION_PREFERS_STRING_CATALOGS = YES;
				MTL_ENABLE_DEBUG_INFO = INCLUDE_SOURCE;
				MTL_FAST_MATH = YES;
				ONLY_ACTIVE_ARCH = YES;
				SDKROOT = iphoneos;
				SWIFT_ACTIVE_COMPILATION_CONDITIONS = "DEBUG $(inherited)";
				SWIFT_OPTIMIZATION_LEVEL = "-Onone";
			};
			name = Debug;
		};
		C6B3DBD12AE049E50095A46C /* Release */ = {
			isa = XCBuildConfiguration;
			buildSettings = {
				ALWAYS_SEARCH_USER_PATHS = NO;
				ASSETCATALOG_COMPILER_GENERATE_SWIFT_ASSET_SYMBOL_EXTENSIONS = YES;
				CLANG_ANALYZER_NONNULL = YES;
				CLANG_ANALYZER_NUMBER_OBJECT_CONVERSION = YES_AGGRESSIVE;
				CLANG_CXX_LANGUAGE_STANDARD = "gnu++20";
				CLANG_ENABLE_MODULES = YES;
				CLANG_ENABLE_OBJC_ARC = YES;
				CLANG_ENABLE_OBJC_WEAK = YES;
				CLANG_WARN_BLOCK_CAPTURE_AUTORELEASING = YES;
				CLANG_WARN_BOOL_CONVERSION = YES;
				CLANG_WARN_COMMA = YES;
				CLANG_WARN_CONSTANT_CONVERSION = YES;
				CLANG_WARN_DEPRECATED_OBJC_IMPLEMENTATIONS = YES;
				CLANG_WARN_DIRECT_OBJC_ISA_USAGE = YES_ERROR;
				CLANG_WARN_DOCUMENTATION_COMMENTS = YES;
				CLANG_WARN_EMPTY_BODY = YES;
				CLANG_WARN_ENUM_CONVERSION = YES;
				CLANG_WARN_INFINITE_RECURSION = YES;
				CLANG_WARN_INT_CONVERSION = YES;
				CLANG_WARN_NON_LITERAL_NULL_CONVERSION = YES;
				CLANG_WARN_OBJC_IMPLICIT_RETAIN_SELF = YES;
				CLANG_WARN_OBJC_LITERAL_CONVERSION = YES;
				CLANG_WARN_OBJC_ROOT_CLASS = YES_ERROR;
				CLANG_WARN_QUOTED_INCLUDE_IN_FRAMEWORK_HEADER = YES;
				CLANG_WARN_RANGE_LOOP_ANALYSIS = YES;
				CLANG_WARN_STRICT_PROTOTYPES = YES;
				CLANG_WARN_SUSPICIOUS_MOVE = YES;
				CLANG_WARN_UNGUARDED_AVAILABILITY = YES_AGGRESSIVE;
				CLANG_WARN_UNREACHABLE_CODE = YES;
				CLANG_WARN__DUPLICATE_METHOD_MATCH = YES;
				COPY_PHASE_STRIP = NO;
				DEBUG_INFORMATION_FORMAT = "dwarf-with-dsym";
				ENABLE_NS_ASSERTIONS = NO;
				ENABLE_STRICT_OBJC_MSGSEND = YES;
				ENABLE_USER_SCRIPT_SANDBOXING = YES;
				GCC_C_LANGUAGE_STANDARD = gnu17;
				GCC_NO_COMMON_BLOCKS = YES;
				GCC_WARN_64_TO_32_BIT_CONVERSION = YES;
				GCC_WARN_ABOUT_RETURN_TYPE = YES_ERROR;
				GCC_WARN_UNDECLARED_SELECTOR = YES;
				GCC_WARN_UNINITIALIZED_AUTOS = YES_AGGRESSIVE;
				GCC_WARN_UNUSED_FUNCTION = YES;
				GCC_WARN_UNUSED_VARIABLE = YES;
				IPHONEOS_DEPLOYMENT_TARGET = 17.0;
				LOCALIZATION_PREFERS_STRING_CATALOGS = YES;
				MTL_ENABLE_DEBUG_INFO = NO;
				MTL_FAST_MATH = YES;
				SDKROOT = iphoneos;
				SWIFT_COMPILATION_MODE = wholemodule;
				VALIDATE_PRODUCT = YES;
			};
			name = Release;
		};
		C6B3DBD32AE049E50095A46C /* Debug */ = {
			isa = XCBuildConfiguration;
			buildSettings = {
				ASSETCATALOG_COMPILER_APPICON_NAME = AppIcon;
				ASSETCATALOG_COMPILER_GLOBAL_ACCENT_COLOR_NAME = AccentColor;
				CODE_SIGN_STYLE = Automatic;
				CURRENT_PROJECT_VERSION = 1;
				DEVELOPMENT_ASSET_PATHS = "ServerlessSmarthome/Resources/Preview\\ Content/Preview\\ Assets.xcassets";
				DEVELOPMENT_TEAM = VTLM3BU8F9;
				ENABLE_PREVIEWS = YES;
				GENERATE_INFOPLIST_FILE = YES;
				INFOPLIST_KEY_CFBundleDisplayName = "Serverless Smart Home";
				INFOPLIST_KEY_LSApplicationCategoryType = "public.app-category.lifestyle";
				INFOPLIST_KEY_UIApplicationSceneManifest_Generation = YES;
				INFOPLIST_KEY_UIApplicationSupportsIndirectInputEvents = YES;
				INFOPLIST_KEY_UILaunchScreen_Generation = YES;
				INFOPLIST_KEY_UISupportedInterfaceOrientations = UIInterfaceOrientationPortrait;
				INFOPLIST_KEY_UISupportedInterfaceOrientations_iPad = "UIInterfaceOrientationLandscapeLeft UIInterfaceOrientationLandscapeRight UIInterfaceOrientationPortrait UIInterfaceOrientationPortraitUpsideDown";
				LD_RUNPATH_SEARCH_PATHS = (
					"$(inherited)",
					"@executable_path/Frameworks",
				);
				MARKETING_VERSION = 1.0;
				PRODUCT_BUNDLE_IDENTIFIER = djult.ServerlessSmarthome;
				PRODUCT_NAME = "$(TARGET_NAME)";
				SWIFT_EMIT_LOC_STRINGS = YES;
				SWIFT_VERSION = 5.0;
				TARGETED_DEVICE_FAMILY = "1,2";
			};
			name = Debug;
		};
		C6B3DBD42AE049E50095A46C /* Release */ = {
			isa = XCBuildConfiguration;
			buildSettings = {
				ASSETCATALOG_COMPILER_APPICON_NAME = AppIcon;
				ASSETCATALOG_COMPILER_GLOBAL_ACCENT_COLOR_NAME = AccentColor;
				CODE_SIGN_STYLE = Automatic;
				CURRENT_PROJECT_VERSION = 1;
				DEVELOPMENT_ASSET_PATHS = "ServerlessSmarthome/Resources/Preview\\ Content/Preview\\ Assets.xcassets";
				DEVELOPMENT_TEAM = VTLM3BU8F9;
				ENABLE_PREVIEWS = YES;
				GENERATE_INFOPLIST_FILE = YES;
				INFOPLIST_KEY_CFBundleDisplayName = "Serverless Smart Home";
				INFOPLIST_KEY_LSApplicationCategoryType = "public.app-category.lifestyle";
				INFOPLIST_KEY_UIApplicationSceneManifest_Generation = YES;
				INFOPLIST_KEY_UIApplicationSupportsIndirectInputEvents = YES;
				INFOPLIST_KEY_UILaunchScreen_Generation = YES;
				INFOPLIST_KEY_UISupportedInterfaceOrientations = UIInterfaceOrientationPortrait;
				INFOPLIST_KEY_UISupportedInterfaceOrientations_iPad = "UIInterfaceOrientationLandscapeLeft UIInterfaceOrientationLandscapeRight UIInterfaceOrientationPortrait UIInterfaceOrientationPortraitUpsideDown";
				LD_RUNPATH_SEARCH_PATHS = (
					"$(inherited)",
					"@executable_path/Frameworks",
				);
				MARKETING_VERSION = 1.0;
				PRODUCT_BUNDLE_IDENTIFIER = djult.ServerlessSmarthome;
				PRODUCT_NAME = "$(TARGET_NAME)";
				SWIFT_EMIT_LOC_STRINGS = YES;
				SWIFT_VERSION = 5.0;
				TARGETED_DEVICE_FAMILY = "1,2";
			};
			name = Release;
		};
		C6B3DBD62AE049E50095A46C /* Debug */ = {
			isa = XCBuildConfiguration;
			buildSettings = {
				ALWAYS_EMBED_SWIFT_STANDARD_LIBRARIES = YES;
				BUNDLE_LOADER = "$(TEST_HOST)";
				CODE_SIGN_STYLE = Automatic;
				CURRENT_PROJECT_VERSION = 1;
				DEVELOPMENT_TEAM = 4655SQ727H;
				GENERATE_INFOPLIST_FILE = YES;
				IPHONEOS_DEPLOYMENT_TARGET = 17.0;
				MARKETING_VERSION = 1.0;
				PRODUCT_BUNDLE_IDENTIFIER = team.ServerlessSmarthomeTests;
				PRODUCT_NAME = "$(TARGET_NAME)";
				SWIFT_EMIT_LOC_STRINGS = NO;
				SWIFT_VERSION = 5.0;
				TARGETED_DEVICE_FAMILY = "1,2";
				TEST_HOST = "$(BUILT_PRODUCTS_DIR)/ServerlessSmarthome.app/$(BUNDLE_EXECUTABLE_FOLDER_PATH)/ServerlessSmarthome";
			};
			name = Debug;
		};
		C6B3DBD72AE049E50095A46C /* Release */ = {
			isa = XCBuildConfiguration;
			buildSettings = {
				ALWAYS_EMBED_SWIFT_STANDARD_LIBRARIES = YES;
				BUNDLE_LOADER = "$(TEST_HOST)";
				CODE_SIGN_STYLE = Automatic;
				CURRENT_PROJECT_VERSION = 1;
				DEVELOPMENT_TEAM = 4655SQ727H;
				GENERATE_INFOPLIST_FILE = YES;
				IPHONEOS_DEPLOYMENT_TARGET = 17.0;
				MARKETING_VERSION = 1.0;
				PRODUCT_BUNDLE_IDENTIFIER = team.ServerlessSmarthomeTests;
				PRODUCT_NAME = "$(TARGET_NAME)";
				SWIFT_EMIT_LOC_STRINGS = NO;
				SWIFT_VERSION = 5.0;
				TARGETED_DEVICE_FAMILY = "1,2";
				TEST_HOST = "$(BUILT_PRODUCTS_DIR)/ServerlessSmarthome.app/$(BUNDLE_EXECUTABLE_FOLDER_PATH)/ServerlessSmarthome";
			};
			name = Release;
		};
		C6B3DBD92AE049E50095A46C /* Debug */ = {
			isa = XCBuildConfiguration;
			buildSettings = {
				ALWAYS_EMBED_SWIFT_STANDARD_LIBRARIES = YES;
				CODE_SIGN_STYLE = Automatic;
				CURRENT_PROJECT_VERSION = 1;
				DEVELOPMENT_TEAM = 4655SQ727H;
				GENERATE_INFOPLIST_FILE = YES;
				MARKETING_VERSION = 1.0;
				PRODUCT_BUNDLE_IDENTIFIER = team.ServerlessSmarthomeUITests;
				PRODUCT_NAME = "$(TARGET_NAME)";
				SWIFT_EMIT_LOC_STRINGS = NO;
				SWIFT_VERSION = 5.0;
				TARGETED_DEVICE_FAMILY = "1,2";
				TEST_TARGET_NAME = ServerlessSmarthome;
			};
			name = Debug;
		};
		C6B3DBDA2AE049E50095A46C /* Release */ = {
			isa = XCBuildConfiguration;
			buildSettings = {
				ALWAYS_EMBED_SWIFT_STANDARD_LIBRARIES = YES;
				CODE_SIGN_STYLE = Automatic;
				CURRENT_PROJECT_VERSION = 1;
				DEVELOPMENT_TEAM = 4655SQ727H;
				GENERATE_INFOPLIST_FILE = YES;
				MARKETING_VERSION = 1.0;
				PRODUCT_BUNDLE_IDENTIFIER = team.ServerlessSmarthomeUITests;
				PRODUCT_NAME = "$(TARGET_NAME)";
				SWIFT_EMIT_LOC_STRINGS = NO;
				SWIFT_VERSION = 5.0;
				TARGETED_DEVICE_FAMILY = "1,2";
				TEST_TARGET_NAME = ServerlessSmarthome;
			};
			name = Release;
		};
/* End XCBuildConfiguration section */

/* Begin XCConfigurationList section */
		C6B3DBA72AE049E30095A46C /* Build configuration list for PBXProject "ServerlessSmarthome" */ = {
			isa = XCConfigurationList;
			buildConfigurations = (
				C6B3DBD02AE049E50095A46C /* Debug */,
				C6B3DBD12AE049E50095A46C /* Release */,
			);
			defaultConfigurationIsVisible = 0;
			defaultConfigurationName = Release;
		};
		C6B3DBD22AE049E50095A46C /* Build configuration list for PBXNativeTarget "ServerlessSmarthome" */ = {
			isa = XCConfigurationList;
			buildConfigurations = (
				C6B3DBD32AE049E50095A46C /* Debug */,
				C6B3DBD42AE049E50095A46C /* Release */,
			);
			defaultConfigurationIsVisible = 0;
			defaultConfigurationName = Release;
		};
		C6B3DBD52AE049E50095A46C /* Build configuration list for PBXNativeTarget "ServerlessSmarthomeTests" */ = {
			isa = XCConfigurationList;
			buildConfigurations = (
				C6B3DBD62AE049E50095A46C /* Debug */,
				C6B3DBD72AE049E50095A46C /* Release */,
			);
			defaultConfigurationIsVisible = 0;
			defaultConfigurationName = Release;
		};
		C6B3DBD82AE049E50095A46C /* Build configuration list for PBXNativeTarget "ServerlessSmarthomeUITests" */ = {
			isa = XCConfigurationList;
			buildConfigurations = (
				C6B3DBD92AE049E50095A46C /* Debug */,
				C6B3DBDA2AE049E50095A46C /* Release */,
			);
			defaultConfigurationIsVisible = 0;
			defaultConfigurationName = Release;
		};
/* End XCConfigurationList section */
	};
	rootObject = C6B3DBA42AE049E30095A46C /* Project object */;
}
